
Microsoft Visual Studio Solution File, Format Version 12.00
# Visual Studio Version 17
VisualStudioVersion = 17.13.35919.96 d17.13
MinimumVisualStudioVersion = 10.0.40219.1
Project("{FAE04EC0-301F-11D3-BF4B-00C04F79EFBC}") = "Sistema_Actividades_Tlahuac", "Sistema_Actividades_Tlahuac.csproj", "{CEAEF5E5-EB65-46C0-B43E-0B21BB08EA3A}"
EndProject
Global
	GlobalSection(SolutionConfigurationPlatforms) = preSolution
		Debug|Any CPU = Debug|Any CPU
		Release|Any CPU = Release|Any CPU
	EndGlobalSection
	GlobalSection(ProjectConfigurationPlatforms) = postSolution
		{CEAEF5E5-EB65-46C0-B43E-0B21BB08EA3A}.Debug|Any CPU.ActiveCfg = Debug|Any CPU
		{CEAEF5E5-EB65-46C0-B43E-0B21BB08EA3A}.Debug|Any CPU.Build.0 = Debug|Any CPU
		{CEAEF5E5-EB65-46C0-B43E-0B21BB08EA3A}.Release|Any CPU.ActiveCfg = Release|Any CPU
		{CEAEF5E5-EB65-46C0-B43E-0B21BB08EA3A}.Release|Any CPU.Build.0 = Release|Any CPU
	EndGlobalSection
	GlobalSection(SolutionProperties) = preSolution
		HideSolutionNode = FALSE
	EndGlobalSection
	GlobalSection(ExtensibilityGlobals) = postSolution
		SolutionGuid = {653E70CA-90AC-457B-AE20-534A5909B35D}
	EndGlobalSection
EndGlobal
